{
  "name": "cost_allocation_tags",
  "version": "1.0.0",
  "lockfileVersion": 2,
  "requires": true,
  "packages": {
    "": {
      "version": "1.0.0",
      "license": "ISC",
      "dependencies": {
        "hcl2-parser": "^1.0.3"
      }
    },
    "node_modules/hcl2-parser": {
      "version": "1.0.3",
      "resolved": "https://registry.npmjs.org/hcl2-parser/-/hcl2-parser-1.0.3.tgz",
      "integrity": "sha512-NQUm/BFF+2nrBfeqDhhsy4DxxiLHgkeE3FywtjFiXnjSUaio3w4Tz1MQ3vGJBUhyArzOXJ24pO7JwE5LAn7Ncg=="
    }
  },
  "dependencies": {
    "hcl2-parser": {
      "version": "1.0.3",
      "resolved": "https://registry.npmjs.org/hcl2-parser/-/hcl2-parser-1.0.3.tgz",
      "integrity": "sha512-NQUm/BFF+2nrBfeqDhhsy4DxxiLHgkeE3FywtjFiXnjSUaio3w4Tz1MQ3vGJBUhyArzOXJ24pO7JwE5LAn7Ncg=="
    }
  }
}
